// !$*UTF8*$!
{
	archiveVersion = 1;
	classes = {
	};
	objectVersion = 56;
	objects = {

/* Begin PBXBuildFile section */
		D3BF81F62AD3978C00D18382 /* FruitsApp.swift in Sources */ = {isa = PBXBuildFile; fileRef = D3BF81F52AD3978C00D18382 /* FruitsApp.swift */; };
		D3BF81F82AD3978C00D18382 /* ContentView.swift in Sources */ = {isa = PBXBuildFile; fileRef = D3BF81F72AD3978C00D18382 /* ContentView.swift */; };
		D3BF81FA2AD3978D00D18382 /* Assets.xcassets in Resources */ = {isa = PBXBuildFile; fileRef = D3BF81F92AD3978D00D18382 /* Assets.xcassets */; };
		D3BF81FE2AD3978D00D18382 /* Preview Assets.xcassets in Resources */ = {isa = PBXBuildFile; fileRef = D3BF81FD2AD3978D00D18382 /* Preview Assets.xcassets */; };
		D3BF82082AD3978E00D18382 /* FruitsTests.swift in Sources */ = {isa = PBXBuildFile; fileRef = D3BF82072AD3978E00D18382 /* FruitsTests.swift */; };
		D3BF82122AD3978E00D18382 /* FruitsUITests.swift in Sources */ = {isa = PBXBuildFile; fileRef = D3BF82112AD3978E00D18382 /* FruitsUITests.swift */; };
		D3BF82142AD3978E00D18382 /* FruitsUITestsLaunchTests.swift in Sources */ = {isa = PBXBuildFile; fileRef = D3BF82132AD3978E00D18382 /* FruitsUITestsLaunchTests.swift */; };
/* End PBXBuildFile section */

/* Begin PBXContainerItemProxy section */
		D3BF82042AD3978E00D18382 /* PBXContainerItemProxy */ = {
			isa = PBXContainerItemProxy;
			containerPortal = D3BF81EA2AD3978C00D18382 /* Project object */;
			proxyType = 1;
			remoteGlobalIDString = D3BF81F12AD3978C00D18382;
			remoteInfo = Fruits;
		};
		D3BF820E2AD3978E00D18382 /* PBXContainerItemProxy */ = {
			isa = PBXContainerItemProxy;
			containerPortal = D3BF81EA2AD3978C00D18382 /* Project object */;
			proxyType = 1;
			remoteGlobalIDString = D3BF81F12AD3978C00D18382;
			remoteInfo = Fruits;
		};
/* End PBXContainerItemProxy section */

/* Begin PBXFileReference section */
		D3BF81F22AD3978C00D18382 /* Fruits.app */ = {isa = PBXFileReference; explicitFileType = wrapper.application; includeInIndex = 0; path = Fruits.app; sourceTree = BUILT_PRODUCTS_DIR; };
		D3BF81F52AD3978C00D18382 /* FruitsApp.swift */ = {isa = PBXFileReference; lastKnownFileType = sourcecode.swift; path = FruitsApp.swift; sourceTree = "<group>"; };
		D3BF81F72AD3978C00D18382 /* ContentView.swift */ = {isa = PBXFileReference; lastKnownFileType = sourcecode.swift; path = ContentView.swift; sourceTree = "<group>"; };
		D3BF81F92AD3978D00D18382 /* Assets.xcassets */ = {isa = PBXFileReference; lastKnownFileType = folder.assetcatalog; path = Assets.xcassets; sourceTree = "<group>"; };
		D3BF81FB2AD3978D00D18382 /* Fruits.entitlements */ = {isa = PBXFileReference; lastKnownFileType = text.plist.entitlements; path = Fruits.entitlements; sourceTree = "<group>"; };
		D3BF81FD2AD3978D00D18382 /* Preview Assets.xcassets */ = {isa = PBXFileReference; lastKnownFileType = folder.assetcatalog; path = "Preview Assets.xcassets"; sourceTree = "<group>"; };
		D3BF82032AD3978E00D18382 /* FruitsTests.xctest */ = {isa = PBXFileReference; explicitFileType = wrapper.cfbundle; includeInIndex = 0; path = FruitsTests.xctest; sourceTree = BUILT_PRODUCTS_DIR; };
		D3BF82072AD3978E00D18382 /* FruitsTests.swift */ = {isa = PBXFileReference; lastKnownFileType = sourcecode.swift; path = FruitsTests.swift; sourceTree = "<group>"; };
		D3BF820D2AD3978E00D18382 /* FruitsUITests.xctest */ = {isa = PBXFileReference; explicitFileType = wrapper.cfbundle; includeInIndex = 0; path = FruitsUITests.xctest; sourceTree = BUILT_PRODUCTS_DIR; };
		D3BF82112AD3978E00D18382 /* FruitsUITests.swift */ = {isa = PBXFileReference; lastKnownFileType = sourcecode.swift; path = FruitsUITests.swift; sourceTree = "<group>"; };
		D3BF82132AD3978E00D18382 /* FruitsUITestsLaunchTests.swift */ = {isa = PBXFileReference; lastKnownFileType = sourcecode.swift; path = FruitsUITestsLaunchTests.swift; sourceTree = "<group>"; };
/* End PBXFileReference section */

/* Begin PBXFrameworksBuildPhase section */
		D3BF81EF2AD3978C00D18382 /* Frameworks */ = {
			isa = PBXFrameworksBuildPhase;
			buildActionMask = 2147483647;
			files = (
			);
			runOnlyForDeploymentPostprocessing = 0;
		};
		D3BF82002AD3978E00D18382 /* Frameworks */ = {
			isa = PBXFrameworksBuildPhase;
			buildActionMask = 2147483647;
			files = (
			);
			runOnlyForDeploymentPostprocessing = 0;
		};
		D3BF820A2AD3978E00D18382 /* Frameworks */ = {
			isa = PBXFrameworksBuildPhase;
			buildActionMask = 2147483647;
			files = (
			);
			runOnlyForDeploymentPostprocessing = 0;
		};
/* End PBXFrameworksBuildPhase section */

/* Begin PBXGroup section */
		D3BF81E92AD3978C00D18382 = {
			isa = PBXGroup;
			children = (
				D3BF81F42AD3978C00D18382 /* Fruits */,
				D3BF82062AD3978E00D18382 /* FruitsTests */,
				D3BF82102AD3978E00D18382 /* FruitsUITests */,
				D3BF81F32AD3978C00D18382 /* Products */,
			);
			sourceTree = "<group>";
		};
		D3BF81F32AD3978C00D18382 /* Products */ = {
			isa = PBXGroup;
			children = (
				D3BF81F22AD3978C00D18382 /* Fruits.app */,
				D3BF82032AD3978E00D18382 /* FruitsTests.xctest */,
				D3BF820D2AD3978E00D18382 /* FruitsUITests.xctest */,
			);
			name = Products;
			sourceTree = "<group>";
		};
		D3BF81F42AD3978C00D18382 /* Fruits */ = {
			isa = PBXGroup;
			children = (
				D3BF81F52AD3978C00D18382 /* FruitsApp.swift */,
				D3BF81F72AD3978C00D18382 /* ContentView.swift */,
				D3BF81F92AD3978D00D18382 /* Assets.xcassets */,
				D3BF81FB2AD3978D00D18382 /* Fruits.entitlements */,
				D3BF81FC2AD3978D00D18382 /* Preview Content */,
			);
			path = Fruits;
			sourceTree = "<group>";
		};
		D3BF81FC2AD3978D00D18382 /* Preview Content */ = {
			isa = PBXGroup;
			children = (
				D3BF81FD2AD3978D00D18382 /* Preview Assets.xcassets */,
			);
			path = "Preview Content";
			sourceTree = "<group>";
		};
		D3BF82062AD3978E00D18382 /* FruitsTests */ = {
			isa = PBXGroup;
			children = (
				D3BF82072AD3978E00D18382 /* FruitsTests.swift */,
			);
			path = FruitsTests;
			sourceTree = "<group>";
		};
		D3BF82102AD3978E00D18382 /* FruitsUITests */ = {
			isa = PBXGroup;
			children = (
				D3BF82112AD3978E00D18382 /* FruitsUITests.swift */,
				D3BF82132AD3978E00D18382 /* FruitsUITestsLaunchTests.swift */,
			);
			path = FruitsUITests;
			sourceTree = "<group>";
		};
/* End PBXGroup section */

/* Begin PBXNativeTarget section */
		D3BF81F12AD3978C00D18382 /* Fruits */ = {
			isa = PBXNativeTarget;
			buildConfigurationList = D3BF82172AD3978E00D18382 /* Build configuration list for PBXNativeTarget "Fruits" */;
			buildPhases = (
				D3BF81EE2AD3978C00D18382 /* Sources */,
				D3BF81EF2AD3978C00D18382 /* Frameworks */,
				D3BF81F02AD3978C00D18382 /* Resources */,
			);
			buildRules = (
			);
			dependencies = (
			);
			name = Fruits;
			productName = Fruits;
			productReference = D3BF81F22AD3978C00D18382 /* Fruits.app */;
			productType = "com.apple.product-type.application";
		};
		D3BF82022AD3978E00D18382 /* FruitsTests */ = {
			isa = PBXNativeTarget;
			buildConfigurationList = D3BF821A2AD3978E00D18382 /* Build configuration list for PBXNativeTarget "FruitsTests" */;
			buildPhases = (
				D3BF81FF2AD3978E00D18382 /* Sources */,
				D3BF82002AD3978E00D18382 /* Frameworks */,
				D3BF82012AD3978E00D18382 /* Resources */,
			);
			buildRules = (
			);
			dependencies = (
				D3BF82052AD3978E00D18382 /* PBXTargetDependency */,
			);
			name = FruitsTests;
			productName = FruitsTests;
			productReference = D3BF82032AD3978E00D18382 /* FruitsTests.xctest */;
			productType = "com.apple.product-type.bundle.unit-test";
		};
		D3BF820C2AD3978E00D18382 /* FruitsUITests */ = {
			isa = PBXNativeTarget;
			buildConfigurationList = D3BF821D2AD3978E00D18382 /* Build configuration list for PBXNativeTarget "FruitsUITests" */;
			buildPhases = (
				D3BF82092AD3978E00D18382 /* Sources */,
				D3BF820A2AD3978E00D18382 /* Frameworks */,
				D3BF820B2AD3978E00D18382 /* Resources */,
			);
			buildRules = (
			);
			dependencies = (
				D3BF820F2AD3978E00D18382 /* PBXTargetDependency */,
			);
			name = FruitsUITests;
			productName = FruitsUITests;
			productReference = D3BF820D2AD3978E00D18382 /* FruitsUITests.xctest */;
			productType = "com.apple.product-type.bundle.ui-testing";
		};
/* End PBXNativeTarget section */

/* Begin PBXProject section */
		D3BF81EA2AD3978C00D18382 /* Project object */ = {
			isa = PBXProject;
			attributes = {
				BuildIndependentTargetsInParallel = 1;
				LastSwiftUpdateCheck = 1500;
				LastUpgradeCheck = 1500;
				TargetAttributes = {
					D3BF81F12AD3978C00D18382 = {
						CreatedOnToolsVersion = 15.0;
					};
					D3BF82022AD3978E00D18382 = {
						CreatedOnToolsVersion = 15.0;
						TestTargetID = D3BF81F12AD3978C00D18382;
					};
					D3BF820C2AD3978E00D18382 = {
						CreatedOnToolsVersion = 15.0;
						TestTargetID = D3BF81F12AD3978C00D18382;
					};
				};
			};
			buildConfigurationList = D3BF81ED2AD3978C00D18382 /* Build configuration list for PBXProject "Fruits" */;
			compatibilityVersion = "Xcode 14.0";
			developmentRegion = en;
			hasScannedForEncodings = 0;
			knownRegions = (
				en,
				Base,
			);
			mainGroup = D3BF81E92AD3978C00D18382;
			productRefGroup = D3BF81F32AD3978C00D18382 /* Products */;
			projectDirPath = "";
			projectRoot = "";
			targets = (
				D3BF81F12AD3978C00D18382 /* Fruits */,
				D3BF82022AD3978E00D18382 /* FruitsTests */,
				D3BF820C2AD3978E00D18382 /* FruitsUITests */,
			);
		};
/* End PBXProject section */

/* Begin PBXResourcesBuildPhase section */
		D3BF81F02AD3978C00D18382 /* Resources */ = {
			isa = PBXResourcesBuildPhase;
			buildActionMask = 2147483647;
			files = (
				D3BF81FE2AD3978D00D18382 /* Preview Assets.xcassets in Resources */,
				D3BF81FA2AD3978D00D18382 /* Assets.xcassets in Resources */,
			);
			runOnlyForDeploymentPostprocessing = 0;
		};
		D3BF82012AD3978E00D18382 /* Resources */ = {
			isa = PBXResourcesBuildPhase;
			buildActionMask = 2147483647;
			files = (
			);
			runOnlyForDeploymentPostprocessing = 0;
		};
		D3BF820B2AD3978E00D18382 /* Resources */ = {
			isa = PBXResourcesBuildPhase;
			buildActionMask = 2147483647;
			files = (
			);
			runOnlyForDeploymentPostprocessing = 0;
		};
/* End PBXResourcesBuildPhase section */

/* Begin PBXSourcesBuildPhase section */
		D3BF81EE2AD3978C00D18382 /* Sources */ = {
			isa = PBXSourcesBuildPhase;
			buildActionMask = 2147483647;
			files = (
				D3BF81F82AD3978C00D18382 /* ContentView.swift in Sources */,
				D3BF81F62AD3978C00D18382 /* FruitsApp.swift in Sources */,
			);
			runOnlyForDeploymentPostprocessing = 0;
		};
		D3BF81FF2AD3978E00D18382 /* Sources */ = {
			isa = PBXSourcesBuildPhase;
			buildActionMask = 2147483647;
			files = (
				D3BF82082AD3978E00D18382 /* FruitsTests.swift in Sources */,
			);
			runOnlyForDeploymentPostprocessing = 0;
		};
		D3BF82092AD3978E00D18382 /* Sources */ = {
			isa = PBXSourcesBuildPhase;
			buildActionMask = 2147483647;
			files = (
				D3BF82122AD3978E00D18382 /* FruitsUITests.swift in Sources */,
				D3BF82142AD3978E00D18382 /* FruitsUITestsLaunchTests.swift in Sources */,
			);
			runOnlyForDeploymentPostprocessing = 0;
		};
/* End PBXSourcesBuildPhase section */

/* Begin PBXTargetDependency section */
		D3BF82052AD3978E00D18382 /* PBXTargetDependency */ = {
			isa = PBXTargetDependency;
			target = D3BF81F12AD3978C00D18382 /* Fruits */;
			targetProxy = D3BF82042AD3978E00D18382 /* PBXContainerItemProxy */;
		};
		D3BF820F2AD3978E00D18382 /* PBXTargetDependency */ = {
			isa = PBXTargetDependency;
			target = D3BF81F12AD3978C00D18382 /* Fruits */;
			targetProxy = D3BF820E2AD3978E00D18382 /* PBXContainerItemProxy */;
		};
/* End PBXTargetDependency section */

/* Begin XCBuildConfiguration section */
		D3BF82152AD3978E00D18382 /* Debug */ = {
			isa = XCBuildConfiguration;
			buildSettings = {
				ALWAYS_SEARCH_USER_PATHS = NO;
				ASSETCATALOG_COMPILER_GENERATE_SWIFT_ASSET_SYMBOL_EXTENSIONS = YES;
				CLANG_ANALYZER_NONNULL = YES;
				CLANG_ANALYZER_NUMBER_OBJECT_CONVERSION = YES_AGGRESSIVE;
				CLANG_CXX_LANGUAGE_STANDARD = "gnu++20";
				CLANG_ENABLE_MODULES = YES;
				CLANG_ENABLE_OBJC_ARC = YES;
				CLANG_ENABLE_OBJC_WEAK = YES;
				CLANG_WARN_BLOCK_CAPTURE_AUTORELEASING = YES;
				CLANG_WARN_BOOL_CONVERSION = YES;
				CLANG_WARN_COMMA = YES;
				CLANG_WARN_CONSTANT_CONVERSION = YES;
				CLANG_WARN_DEPRECATED_OBJC_IMPLEMENTATIONS = YES;
				CLANG_WARN_DIRECT_OBJC_ISA_USAGE = YES_ERROR;
				CLANG_WARN_DOCUMENTATION_COMMENTS = YES;
				CLANG_WARN_EMPTY_BODY = YES;
				CLANG_WARN_ENUM_CONVERSION = YES;
				CLANG_WARN_INFINITE_RECURSION = YES;
				CLANG_WARN_INT_CONVERSION = YES;
				CLANG_WARN_NON_LITERAL_NULL_CONVERSION = YES;
				CLANG_WARN_OBJC_IMPLICIT_RETAIN_SELF = YES;
				CLANG_WARN_OBJC_LITERAL_CONVERSION = YES;
				CLANG_WARN_OBJC_ROOT_CLASS = YES_ERROR;
				CLANG_WARN_QUOTED_INCLUDE_IN_FRAMEWORK_HEADER = YES;
				CLANG_WARN_RANGE_LOOP_ANALYSIS = YES;
				CLANG_WARN_STRICT_PROTOTYPES = YES;
				CLANG_WARN_SUSPICIOUS_MOVE = YES;
				CLANG_WARN_UNGUARDED_AVAILABILITY = YES_AGGRESSIVE;
				CLANG_WARN_UNREACHABLE_CODE = YES;
				CLANG_WARN__DUPLICATE_METHOD_MATCH = YES;
				COPY_PHASE_STRIP = NO;
				DEBUG_INFORMATION_FORMAT = dwarf;
				ENABLE_STRICT_OBJC_MSGSEND = YES;
				ENABLE_TESTABILITY = YES;
				ENABLE_USER_SCRIPT_SANDBOXING = YES;
				GCC_C_LANGUAGE_STANDARD = gnu17;
				GCC_DYNAMIC_NO_PIC = NO;
				GCC_NO_COMMON_BLOCKS = YES;
				GCC_OPTIMIZATION_LEVEL = 0;
				GCC_PREPROCESSOR_DEFINITIONS = (
					"DEBUG=1",
					"$(inherited)",
				);
				GCC_WARN_64_TO_32_BIT_CONVERSION = YES;
				GCC_WARN_ABOUT_RETURN_TYPE = YES_ERROR;
				GCC_WARN_UNDECLARED_SELECTOR = YES;
				GCC_WARN_UNINITIALIZED_AUTOS = YES_AGGRESSIVE;
				GCC_WARN_UNUSED_FUNCTION = YES;
				GCC_WARN_UNUSED_VARIABLE = YES;
				LOCALIZATION_PREFERS_STRING_CATALOGS = YES;
				MTL_ENABLE_DEBUG_INFO = INCLUDE_SOURCE;
				MTL_FAST_MATH = YES;
				ONLY_ACTIVE_ARCH = YES;
				SWIFT_ACTIVE_COMPILATION_CONDITIONS = "DEBUG $(inherited)";
				SWIFT_OPTIMIZATION_LEVEL = "-Onone";
			};
			name = Debug;
		};
		D3BF82162AD3978E00D18382 /* Release */ = {
			isa = XCBuildConfiguration;
			buildSettings = {
				ALWAYS_SEARCH_USER_PATHS = NO;
				ASSETCATALOG_COMPILER_GENERATE_SWIFT_ASSET_SYMBOL_EXTENSIONS = YES;
				CLANG_ANALYZER_NONNULL = YES;
				CLANG_ANALYZER_NUMBER_OBJECT_CONVERSION = YES_AGGRESSIVE;
				CLANG_CXX_LANGUAGE_STANDARD = "gnu++20";
				CLANG_ENABLE_MODULES = YES;
				CLANG_ENABLE_OBJC_ARC = YES;
				CLANG_ENABLE_OBJC_WEAK = YES;
				CLANG_WARN_BLOCK_CAPTURE_AUTORELEASING = YES;
				CLANG_WARN_BOOL_CONVERSION = YES;
				CLANG_WARN_COMMA = YES;
				CLANG_WARN_CONSTANT_CONVERSION = YES;
				CLANG_WARN_DEPRECATED_OBJC_IMPLEMENTATIONS = YES;
				CLANG_WARN_DIRECT_OBJC_ISA_USAGE = YES_ERROR;
				CLANG_WARN_DOCUMENTATION_COMMENTS = YES;
				CLANG_WARN_EMPTY_BODY = YES;
				CLANG_WARN_ENUM_CONVERSION = YES;
				CLANG_WARN_INFINITE_RECURSION = YES;
				CLANG_WARN_INT_CONVERSION = YES;
				CLANG_WARN_NON_LITERAL_NULL_CONVERSION = YES;
				CLANG_WARN_OBJC_IMPLICIT_RETAIN_SELF = YES;
				CLANG_WARN_OBJC_LITERAL_CONVERSION = YES;
				CLANG_WARN_OBJC_ROOT_CLASS = YES_ERROR;
				CLANG_WARN_QUOTED_INCLUDE_IN_FRAMEWORK_HEADER = YES;
				CLANG_WARN_RANGE_LOOP_ANALYSIS = YES;
				CLANG_WARN_STRICT_PROTOTYPES = YES;
				CLANG_WARN_SUSPICIOUS_MOVE = YES;
				CLANG_WARN_UNGUARDED_AVAILABILITY = YES_AGGRESSIVE;
				CLANG_WARN_UNREACHABLE_CODE = YES;
				CLANG_WARN__DUPLICATE_METHOD_MATCH = YES;
				COPY_PHASE_STRIP = NO;
				DEBUG_INFORMATION_FORMAT = "dwarf-with-dsym";
				ENABLE_NS_ASSERTIONS = NO;
				ENABLE_STRICT_OBJC_MSGSEND = YES;
				ENABLE_USER_SCRIPT_SANDBOXING = YES;
				GCC_C_LANGUAGE_STANDARD = gnu17;
				GCC_NO_COMMON_BLOCKS = YES;
				GCC_WARN_64_TO_32_BIT_CONVERSION = YES;
				GCC_WARN_ABOUT_RETURN_TYPE = YES_ERROR;
				GCC_WARN_UNDECLARED_SELECTOR = YES;
				GCC_WARN_UNINITIALIZED_AUTOS = YES_AGGRESSIVE;
				GCC_WARN_UNUSED_FUNCTION = YES;
				GCC_WARN_UNUSED_VARIABLE = YES;
				LOCALIZATION_PREFERS_STRING_CATALOGS = YES;
				MTL_ENABLE_DEBUG_INFO = NO;
				MTL_FAST_MATH = YES;
				SWIFT_COMPILATION_MODE = wholemodule;
			};
			name = Release;
		};
		D3BF82182AD3978E00D18382 /* Debug */ = {
			isa = XCBuildConfiguration;
			buildSettings = {
				ASSETCATALOG_COMPILER_APPICON_NAME = AppIcon;
				ASSETCATALOG_COMPILER_GLOBAL_ACCENT_COLOR_NAME = AccentColor;
				CODE_SIGN_ENTITLEMENTS = Fruits/Fruits.entitlements;
				CODE_SIGN_STYLE = Automatic;
				CURRENT_PROJECT_VERSION = 1;
				DEVELOPMENT_ASSET_PATHS = "\"Fruits/Preview Content\"";
				DEVELOPMENT_TEAM = K8FKWBYV9S;
				ENABLE_HARDENED_RUNTIME = YES;
				ENABLE_PREVIEWS = YES;
				GENERATE_INFOPLIST_FILE = YES;
				"INFOPLIST_KEY_UIApplicationSceneManifest_Generation[sdk=iphoneos*]" = YES;
				"INFOPLIST_KEY_UIApplicationSceneManifest_Generation[sdk=iphonesimulator*]" = YES;
				"INFOPLIST_KEY_UIApplicationSupportsIndirectInputEvents[sdk=iphoneos*]" = YES;
				"INFOPLIST_KEY_UIApplicationSupportsIndirectInputEvents[sdk=iphonesimulator*]" = YES;
				"INFOPLIST_KEY_UILaunchScreen_Generation[sdk=iphoneos*]" = YES;
				"INFOPLIST_KEY_UILaunchScreen_Generation[sdk=iphonesimulator*]" = YES;
				"INFOPLIST_KEY_UIStatusBarStyle[sdk=iphoneos*]" = UIStatusBarStyleDefault;
				"INFOPLIST_KEY_UIStatusBarStyle[sdk=iphonesimulator*]" = UIStatusBarStyleDefault;
				INFOPLIST_KEY_UISupportedInterfaceOrientations_iPad = "UIInterfaceOrientationPortrait UIInterfaceOrientationPortraitUpsideDown UIInterfaceOrientationLandscapeLeft UIInterfaceOrientationLandscapeRight";
				INFOPLIST_KEY_UISupportedInterfaceOrientations_iPhone = "UIInterfaceOrientationPortrait UIInterfaceOrientationLandscapeLeft UIInterfaceOrientationLandscapeRight";
				IPHONEOS_DEPLOYMENT_TARGET = 17.0;
				LD_RUNPATH_SEARCH_PATHS = "@executable_path/Frameworks";
				"LD_RUNPATH_SEARCH_PATHS[sdk=macosx*]" = "@executable_path/../Frameworks";
				MACOSX_DEPLOYMENT_TARGET = 14.0;
				MARKETING_VERSION = 1.0;
				PRODUCT_BUNDLE_IDENTIFIER = frederick.Fruits;
				PRODUCT_NAME = "$(TARGET_NAME)";
				SDKROOT = auto;
				SUPPORTED_PLATFORMS = "iphoneos iphonesimulator macosx";
				SWIFT_EMIT_LOC_STRINGS = YES;
				SWIFT_VERSION = 5.0;
				TARGETED_DEVICE_FAMILY = "1,2";
			};
			name = Debug;
		};
		D3BF82192AD3978E00D18382 /* Release */ = {
			isa = XCBuildConfiguration;
			buildSettings = {
				ASSETCATALOG_COMPILER_APPICON_NAME = AppIcon;
				ASSETCATALOG_COMPILER_GLOBAL_ACCENT_COLOR_NAME = AccentColor;
				CODE_SIGN_ENTITLEMENTS = Fruits/Fruits.entitlements;
				CODE_SIGN_STYLE = Automatic;
				CURRENT_PROJECT_VERSION = 1;
				DEVELOPMENT_ASSET_PATHS = "\"Fruits/Preview Content\"";
				DEVELOPMENT_TEAM = K8FKWBYV9S;
				ENABLE_HARDENED_RUNTIME = YES;
				ENABLE_PREVIEWS = YES;
				GENERATE_INFOPLIST_FILE = YES;
				"INFOPLIST_KEY_UIApplicationSceneManifest_Generation[sdk=iphoneos*]" = YES;
				"INFOPLIST_KEY_UIApplicationSceneManifest_Generation[sdk=iphonesimulator*]" = YES;
				"INFOPLIST_KEY_UIApplicationSupportsIndirectInputEvents[sdk=iphoneos*]" = YES;
				"INFOPLIST_KEY_UIApplicationSupportsIndirectInputEvents[sdk=iphonesimulator*]" = YES;
				"INFOPLIST_KEY_UILaunchScreen_Generation[sdk=iphoneos*]" = YES;
				"INFOPLIST_KEY_UILaunchScreen_Generation[sdk=iphonesimulator*]" = YES;
				"INFOPLIST_KEY_UIStatusBarStyle[sdk=iphoneos*]" = UIStatusBarStyleDefault;
				"INFOPLIST_KEY_UIStatusBarStyle[sdk=iphonesimulator*]" = UIStatusBarStyleDefault;
				INFOPLIST_KEY_UISupportedInterfaceOrientations_iPad = "UIInterfaceOrientationPortrait UIInterfaceOrientationPortraitUpsideDown UIInterfaceOrientationLandscapeLeft UIInterfaceOrientationLandscapeRight";
				INFOPLIST_KEY_UISupportedInterfaceOrientations_iPhone = "UIInterfaceOrientationPortrait UIInterfaceOrientationLandscapeLeft UIInterfaceOrientationLandscapeRight";
				IPHONEOS_DEPLOYMENT_TARGET = 17.0;
				LD_RUNPATH_SEARCH_PATHS = "@executable_path/Frameworks";
				"LD_RUNPATH_SEARCH_PATHS[sdk=macosx*]" = "@executable_path/../Frameworks";
				MACOSX_DEPLOYMENT_TARGET = 14.0;
				MARKETING_VERSION = 1.0;
				PRODUCT_BUNDLE_IDENTIFIER = frederick.Fruits;
				PRODUCT_NAME = "$(TARGET_NAME)";
				SDKROOT = auto;
				SUPPORTED_PLATFORMS = "iphoneos iphonesimulator macosx";
				SWIFT_EMIT_LOC_STRINGS = YES;
				SWIFT_VERSION = 5.0;
				TARGETED_DEVICE_FAMILY = "1,2";
			};
			name = Release;
		};
		D3BF821B2AD3978E00D18382 /* Debug */ = {
			isa = XCBuildConfiguration;
			buildSettings = {
				ALWAYS_EMBED_SWIFT_STANDARD_LIBRARIES = YES;
				BUNDLE_LOADER = "$(TEST_HOST)";
				CODE_SIGN_STYLE = Automatic;
				CURRENT_PROJECT_VERSION = 1;
				DEVELOPMENT_TEAM = K8FKWBYV9S;
				GENERATE_INFOPLIST_FILE = YES;
				IPHONEOS_DEPLOYMENT_TARGET = 17.0;
				MACOSX_DEPLOYMENT_TARGET = 14.0;
				MARKETING_VERSION = 1.0;
				PRODUCT_BUNDLE_IDENTIFIER = frederick.FruitsTests;
				PRODUCT_NAME = "$(TARGET_NAME)";
				SDKROOT = auto;
				SUPPORTED_PLATFORMS = "iphoneos iphonesimulator macosx";
				SWIFT_EMIT_LOC_STRINGS = NO;
				SWIFT_VERSION = 5.0;
				TARGETED_DEVICE_FAMILY = "1,2";
				TEST_HOST = "$(BUILT_PRODUCTS_DIR)/Fruits.app/$(BUNDLE_EXECUTABLE_FOLDER_PATH)/Fruits";
			};
			name = Debug;
		};
		D3BF821C2AD3978E00D18382 /* Release */ = {
			isa = XCBuildConfiguration;
			buildSettings = {
				ALWAYS_EMBED_SWIFT_STANDARD_LIBRARIES = YES;
				BUNDLE_LOADER = "$(TEST_HOST)";
				CODE_SIGN_STYLE = Automatic;
				CURRENT_PROJECT_VERSION = 1;
				DEVELOPMENT_TEAM = K8FKWBYV9S;
				GENERATE_INFOPLIST_FILE = YES;
				IPHONEOS_DEPLOYMENT_TARGET = 17.0;
				MACOSX_DEPLOYMENT_TARGET = 14.0;
				MARKETING_VERSION = 1.0;
				PRODUCT_BUNDLE_IDENTIFIER = frederick.FruitsTests;
				PRODUCT_NAME = "$(TARGET_NAME)";
				SDKROOT = auto;
				SUPPORTED_PLATFORMS = "iphoneos iphonesimulator macosx";
				SWIFT_EMIT_LOC_STRINGS = NO;
				SWIFT_VERSION = 5.0;
				TARGETED_DEVICE_FAMILY = "1,2";
				TEST_HOST = "$(BUILT_PRODUCTS_DIR)/Fruits.app/$(BUNDLE_EXECUTABLE_FOLDER_PATH)/Fruits";
			};
			name = Release;
		};
		D3BF821E2AD3978E00D18382 /* Debug */ = {
			isa = XCBuildConfiguration;
			buildSettings = {
				ALWAYS_EMBED_SWIFT_STANDARD_LIBRARIES = YES;
				CODE_SIGN_STYLE = Automatic;
				CURRENT_PROJECT_VERSION = 1;
				DEVELOPMENT_TEAM = K8FKWBYV9S;
				GENERATE_INFOPLIST_FILE = YES;
				IPHONEOS_DEPLOYMENT_TARGET = 17.0;
				MACOSX_DEPLOYMENT_TARGET = 14.0;
				MARKETING_VERSION = 1.0;
				PRODUCT_BUNDLE_IDENTIFIER = frederick.FruitsUITests;
				PRODUCT_NAME = "$(TARGET_NAME)";
				SDKROOT = auto;
				SUPPORTED_PLATFORMS = "iphoneos iphonesimulator macosx";
				SWIFT_EMIT_LOC_STRINGS = NO;
				SWIFT_VERSION = 5.0;
				TARGETED_DEVICE_FAMILY = "1,2";
				TEST_TARGET_NAME = Fruits;
			};
			name = Debug;
		};
		D3BF821F2AD3978E00D18382 /* Release */ = {
			isa = XCBuildConfiguration;
			buildSettings = {
				ALWAYS_EMBED_SWIFT_STANDARD_LIBRARIES = YES;
				CODE_SIGN_STYLE = Automatic;
				CURRENT_PROJECT_VERSION = 1;
				DEVELOPMENT_TEAM = K8FKWBYV9S;
				GENERATE_INFOPLIST_FILE = YES;
				IPHONEOS_DEPLOYMENT_TARGET = 17.0;
				MACOSX_DEPLOYMENT_TARGET = 14.0;
				MARKETING_VERSION = 1.0;
				PRODUCT_BUNDLE_IDENTIFIER = frederick.FruitsUITests;
				PRODUCT_NAME = "$(TARGET_NAME)";
				SDKROOT = auto;
				SUPPORTED_PLATFORMS = "iphoneos iphonesimulator macosx";
				SWIFT_EMIT_LOC_STRINGS = NO;
				SWIFT_VERSION = 5.0;
				TARGETED_DEVICE_FAMILY = "1,2";
				TEST_TARGET_NAME = Fruits;
			};
			name = Release;
		};
/* End XCBuildConfiguration section */

/* Begin XCConfigurationList section */
		D3BF81ED2AD3978C00D18382 /* Build configuration list for PBXProject "Fruits" */ = {
			isa = XCConfigurationList;
			buildConfigurations = (
				D3BF82152AD3978E00D18382 /* Debug */,
				D3BF82162AD3978E00D18382 /* Release */,
			);
			defaultConfigurationIsVisible = 0;
			defaultConfigurationName = Release;
		};
		D3BF82172AD3978E00D18382 /* Build configuration list for PBXNativeTarget "Fruits" */ = {
			isa = XCConfigurationList;
			buildConfigurations = (
				D3BF82182AD3978E00D18382 /* Debug */,
				D3BF82192AD3978E00D18382 /* Release */,
			);
			defaultConfigurationIsVisible = 0;
			defaultConfigurationName = Release;
		};
		D3BF821A2AD3978E00D18382 /* Build configuration list for PBXNativeTarget "FruitsTests" */ = {
			isa = XCConfigurationList;
			buildConfigurations = (
				D3BF821B2AD3978E00D18382 /* Debug */,
				D3BF821C2AD3978E00D18382 /* Release */,
			);
			defaultConfigurationIsVisible = 0;
			defaultConfigurationName = Release;
		};
		D3BF821D2AD3978E00D18382 /* Build configuration list for PBXNativeTarget "FruitsUITests" */ = {
			isa = XCConfigurationList;
			buildConfigurations = (
				D3BF821E2AD3978E00D18382 /* Debug */,
				D3BF821F2AD3978E00D18382 /* Release */,
			);
			defaultConfigurationIsVisible = 0;
			defaultConfigurationName = Release;
		};
/* End XCConfigurationList section */
	};
	rootObject = D3BF81EA2AD3978C00D18382 /* Project object */;
}
